
Microsoft Visual Studio Solution File, Format Version 12.00
# Visual Studio 15
VisualStudioVersion = 15.0.28307.168
MinimumVisualStudioVersion = 10.0.40219.1
Project("{FAE04EC0-301F-11D3-BF4B-00C04F79EFBC}") = "ma", "ma\ma.csproj", "{97253EC5-B63A-4345-A6BC-D61D17CF4372}"
EndProject
Global
	GlobalSection(SolutionConfigurationPlatforms) = preSolution
		Debug|Any CPU = Debug|Any CPU
		Release|Any CPU = Release|Any CPU
	EndGlobalSection
	GlobalSection(ProjectConfigurationPlatforms) = postSolution
		{97253EC5-B63A-4345-A6BC-D61D17CF4372}.Debug|Any CPU.ActiveCfg = Debug|Any CPU
		{97253EC5-B63A-4345-A6BC-D61D17CF4372}.Debug|Any CPU.Build.0 = Debug|Any CPU
		{97253EC5-B63A-4345-A6BC-D61D17CF4372}.Release|Any CPU.ActiveCfg = Release|Any CPU
		{97253EC5-B63A-4345-A6BC-D61D17CF4372}.Release|Any CPU.Build.0 = Release|Any CPU
	EndGlobalSection
	GlobalSection(SolutionProperties) = preSolution
		HideSolutionNode = FALSE
	EndGlobalSection
	GlobalSection(ExtensibilityGlobals) = postSolution
		SolutionGuid = {5500D7A3-21B5-4022-8867-7B4EB27B1D98}
	EndGlobalSection
EndGlobal
